
Microsoft Visual Studio Solution File, Format Version 12.00
# Visual Studio Version 16
VisualStudioVersion = 16.0.31112.23
MinimumVisualStudioVersion = 10.0.40219.1
Project("{8BC9CEB8-8B4A-11D0-8D11-00A0C91BC942}") = "Matrix_x_scalar_CUDA", "Matrix_x_scalar_CUDA\Matrix_x_scalar_CUDA.vcxproj", "{A60F4B15-BB00-4129-8B33-57AC0DB6A263}"
EndProject
Global
	GlobalSection(SolutionConfigurationPlatforms) = preSolution
		Debug|x64 = Debug|x64
		Release|x64 = Release|x64
	EndGlobalSection
	GlobalSection(ProjectConfigurationPlatforms) = postSolution
		{A60F4B15-BB00-4129-8B33-57AC0DB6A263}.Debug|x64.ActiveCfg = Debug|x64
		{A60F4B15-BB00-4129-8B33-57AC0DB6A263}.Debug|x64.Build.0 = Debug|x64
		{A60F4B15-BB00-4129-8B33-57AC0DB6A263}.Release|x64.ActiveCfg = Release|x64
		{A60F4B15-BB00-4129-8B33-57AC0DB6A263}.Release|x64.Build.0 = Release|x64
	EndGlobalSection
	GlobalSection(SolutionProperties) = preSolution
		HideSolutionNode = FALSE
	EndGlobalSection
	GlobalSection(ExtensibilityGlobals) = postSolution
		SolutionGuid = {F2F3757B-72B2-48C3-A34A-6BBB65408041}
	EndGlobalSection
EndGlobal
